
Microsoft Visual Studio Solution File, Format Version 12.00
# Visual Studio 2013
VisualStudioVersion = 12.0.40629.0
MinimumVisualStudioVersion = 10.0.40219.1
Project("{8BC9CEB8-8B4A-11D0-8D11-00A0C91BC942}") = "ConsoleApplication1", "ConsoleApplication1\ConsoleApplication1.vcxproj", "{E3873D2A-FA7F-4477-AD5E-B05D9A039701}"
EndProject
Project("{8BC9CEB8-8B4A-11D0-8D11-00A0C91BC942}") = "BulletCollision", "..\Build\src\BulletCollision\BulletCollision.vcxproj", "{4A762A35-0F98-305E-9DB8-17969968F4C0}"
EndProject
Project("{8BC9CEB8-8B4A-11D0-8D11-00A0C91BC942}") = "LinearMath", "..\Build\src\LinearMath\LinearMath.vcxproj", "{3B50DF8E-6B0A-3FDB-84A0-A2057D8E4FCF}"
EndProject
Project("{8BC9CEB8-8B4A-11D0-8D11-00A0C91BC942}") = "BulletDynamics", "..\Build\src\BulletDynamics\BulletDynamics.vcxproj", "{167CD497-AF37-3354-B517-905356C9A114}"
EndProject
Global
	GlobalSection(SolutionConfigurationPlatforms) = preSolution
		Debug|Win32 = Debug|Win32
		MinSizeRel|Win32 = MinSizeRel|Win32
		Release|Win32 = Release|Win32
		RelWithDebInfo|Win32 = RelWithDebInfo|Win32
	EndGlobalSection
	GlobalSection(ProjectConfigurationPlatforms) = postSolution
		{E3873D2A-FA7F-4477-AD5E-B05D9A039701}.Debug|Win32.ActiveCfg = Debug|Win32
		{E3873D2A-FA7F-4477-AD5E-B05D9A039701}.Debug|Win32.Build.0 = Debug|Win32
		{E3873D2A-FA7F-4477-AD5E-B05D9A039701}.MinSizeRel|Win32.ActiveCfg = Release|Win32
		{E3873D2A-FA7F-4477-AD5E-B05D9A039701}.MinSizeRel|Win32.Build.0 = Release|Win32
		{E3873D2A-FA7F-4477-AD5E-B05D9A039701}.Release|Win32.ActiveCfg = Release|Win32
		{E3873D2A-FA7F-4477-AD5E-B05D9A039701}.Release|Win32.Build.0 = Release|Win32
		{E3873D2A-FA7F-4477-AD5E-B05D9A039701}.RelWithDebInfo|Win32.ActiveCfg = Release|Win32
		{E3873D2A-FA7F-4477-AD5E-B05D9A039701}.RelWithDebInfo|Win32.Build.0 = Release|Win32
		{4A762A35-0F98-305E-9DB8-17969968F4C0}.Debug|Win32.ActiveCfg = Debug|Win32
		{4A762A35-0F98-305E-9DB8-17969968F4C0}.Debug|Win32.Build.0 = Debug|Win32
		{4A762A35-0F98-305E-9DB8-17969968F4C0}.MinSizeRel|Win32.ActiveCfg = MinSizeRel|Win32
		{4A762A35-0F98-305E-9DB8-17969968F4C0}.MinSizeRel|Win32.Build.0 = MinSizeRel|Win32
		{4A762A35-0F98-305E-9DB8-17969968F4C0}.Release|Win32.ActiveCfg = Release|Win32
		{4A762A35-0F98-305E-9DB8-17969968F4C0}.Release|Win32.Build.0 = Release|Win32
		{4A762A35-0F98-305E-9DB8-17969968F4C0}.RelWithDebInfo|Win32.ActiveCfg = RelWithDebInfo|Win32
		{4A762A35-0F98-305E-9DB8-17969968F4C0}.RelWithDebInfo|Win32.Build.0 = RelWithDebInfo|Win32
		{3B50DF8E-6B0A-3FDB-84A0-A2057D8E4FCF}.Debug|Win32.ActiveCfg = Debug|Win32
		{3B50DF8E-6B0A-3FDB-84A0-A2057D8E4FCF}.Debug|Win32.Build.0 = Debug|Win32
		{3B50DF8E-6B0A-3FDB-84A0-A2057D8E4FCF}.MinSizeRel|Win32.ActiveCfg = MinSizeRel|Win32
		{3B50DF8E-6B0A-3FDB-84A0-A2057D8E4FCF}.MinSizeRel|Win32.Build.0 = MinSizeRel|Win32
		{3B50DF8E-6B0A-3FDB-84A0-A2057D8E4FCF}.Release|Win32.ActiveCfg = Release|Win32
		{3B50DF8E-6B0A-3FDB-84A0-A2057D8E4FCF}.Release|Win32.Build.0 = Release|Win32
		{3B50DF8E-6B0A-3FDB-84A0-A2057D8E4FCF}.RelWithDebInfo|Win32.ActiveCfg = RelWithDebInfo|Win32
		{3B50DF8E-6B0A-3FDB-84A0-A2057D8E4FCF}.RelWithDebInfo|Win32.Build.0 = RelWithDebInfo|Win32
		{167CD497-AF37-3354-B517-905356C9A114}.Debug|Win32.ActiveCfg = Debug|Win32
		{167CD497-AF37-3354-B517-905356C9A114}.Debug|Win32.Build.0 = Debug|Win32
		{167CD497-AF37-3354-B517-905356C9A114}.MinSizeRel|Win32.ActiveCfg = MinSizeRel|Win32
		{167CD497-AF37-3354-B517-905356C9A114}.MinSizeRel|Win32.Build.0 = MinSizeRel|Win32
		{167CD497-AF37-3354-B517-905356C9A114}.Release|Win32.ActiveCfg = Release|Win32
		{167CD497-AF37-3354-B517-905356C9A114}.Release|Win32.Build.0 = Release|Win32
		{167CD497-AF37-3354-B517-905356C9A114}.RelWithDebInfo|Win32.ActiveCfg = RelWithDebInfo|Win32
		{167CD497-AF37-3354-B517-905356C9A114}.RelWithDebInfo|Win32.Build.0 = RelWithDebInfo|Win32
	EndGlobalSection
	GlobalSection(SolutionProperties) = preSolution
		HideSolutionNode = FALSE
	EndGlobalSection
EndGlobal
